
Microsoft Visual Studio Solution File, Format Version 12.00
# Visual Studio Version 17
VisualStudioVersion = 17.0.32112.339
MinimumVisualStudioVersion = 10.0.40219.1
Project("{2150E333-8FDC-42A3-9474-1A3956D46DE8}") = "src", "src", "{7EC17AFC-E63C-4FF0-8F3C-6B0587B52A5F}"
EndProject
Project("{2150E333-8FDC-42A3-9474-1A3956D46DE8}") = "api", "api", "{89CC1AC7-4C10-4BF1-9C6E-CCC73C3AADAF}"
EndProject
Project("{FAE04EC0-301F-11D3-BF4B-00C04F79EFBC}") = "erpl.common.dtos", "common\erpl.common.dtos\erpl.common.dtos.csproj", "{307528DF-2F2A-4A6A-ABDE-81F9C1E19ACB}"
EndProject
Project("{2150E333-8FDC-42A3-9474-1A3956D46DE8}") = "common", "common", "{883DEE88-5631-40D9-9288-90D95531D8D4}"
EndProject
Project("{FAE04EC0-301F-11D3-BF4B-00C04F79EFBC}") = "erpl.common.infrastructure", "common\erpl.common.infrastructure\erpl.common.infrastructure.csproj", "{FE7E36CB-E901-4D2E-875F-EE44192FD200}"
EndProject
Project("{2150E333-8FDC-42A3-9474-1A3956D46DE8}") = "domain", "domain", "{85015CC0-BB44-4818-8F88-C0DCB3B349E5}"
EndProject
Project("{FAE04EC0-301F-11D3-BF4B-00C04F79EFBC}") = "erpl.contracts", "domain\erpl.contracts\erpl.contracts.csproj", "{EEB3B925-AB82-4C6A-BF25-66EF86C574E2}"
EndProject
Project("{FAE04EC0-301F-11D3-BF4B-00C04F79EFBC}") = "erpl.model", "domain\erpl.model\erpl.model.csproj", "{ACBAD885-963F-4BFB-ADEA-8B1F79154799}"
EndProject
Project("{FAE04EC0-301F-11D3-BF4B-00C04F79EFBC}") = "erpl.repository", "domain\erpl.repository\erpl.repository.csproj", "{0D7EF17B-3E82-46AE-8E2D-B4614EC53D5A}"
EndProject
Project("{FAE04EC0-301F-11D3-BF4B-00C04F79EFBC}") = "erpl.services", "domain\erpl.services\erpl.services.csproj", "{63D98F0C-26CA-467D-A365-B813A97B3CA7}"
EndProject
Project("{FAE04EC0-301F-11D3-BF4B-00C04F79EFBC}") = "erpl.api", "erpl.api\erpl.api.csproj", "{2016995E-D2CA-43DD-BE5F-B6F5B47A7CA8}"
EndProject
Global
	GlobalSection(SolutionConfigurationPlatforms) = preSolution
		Debug|Any CPU = Debug|Any CPU
		Release|Any CPU = Release|Any CPU
	EndGlobalSection
	GlobalSection(ProjectConfigurationPlatforms) = postSolution
		{307528DF-2F2A-4A6A-ABDE-81F9C1E19ACB}.Debug|Any CPU.ActiveCfg = Debug|Any CPU
		{307528DF-2F2A-4A6A-ABDE-81F9C1E19ACB}.Debug|Any CPU.Build.0 = Debug|Any CPU
		{307528DF-2F2A-4A6A-ABDE-81F9C1E19ACB}.Release|Any CPU.ActiveCfg = Release|Any CPU
		{307528DF-2F2A-4A6A-ABDE-81F9C1E19ACB}.Release|Any CPU.Build.0 = Release|Any CPU
		{FE7E36CB-E901-4D2E-875F-EE44192FD200}.Debug|Any CPU.ActiveCfg = Debug|Any CPU
		{FE7E36CB-E901-4D2E-875F-EE44192FD200}.Debug|Any CPU.Build.0 = Debug|Any CPU
		{FE7E36CB-E901-4D2E-875F-EE44192FD200}.Release|Any CPU.ActiveCfg = Release|Any CPU
		{FE7E36CB-E901-4D2E-875F-EE44192FD200}.Release|Any CPU.Build.0 = Release|Any CPU
		{EEB3B925-AB82-4C6A-BF25-66EF86C574E2}.Debug|Any CPU.ActiveCfg = Debug|Any CPU
		{EEB3B925-AB82-4C6A-BF25-66EF86C574E2}.Debug|Any CPU.Build.0 = Debug|Any CPU
		{EEB3B925-AB82-4C6A-BF25-66EF86C574E2}.Release|Any CPU.ActiveCfg = Release|Any CPU
		{EEB3B925-AB82-4C6A-BF25-66EF86C574E2}.Release|Any CPU.Build.0 = Release|Any CPU
		{ACBAD885-963F-4BFB-ADEA-8B1F79154799}.Debug|Any CPU.ActiveCfg = Debug|Any CPU
		{ACBAD885-963F-4BFB-ADEA-8B1F79154799}.Debug|Any CPU.Build.0 = Debug|Any CPU
		{ACBAD885-963F-4BFB-ADEA-8B1F79154799}.Release|Any CPU.ActiveCfg = Release|Any CPU
		{ACBAD885-963F-4BFB-ADEA-8B1F79154799}.Release|Any CPU.Build.0 = Release|Any CPU
		{0D7EF17B-3E82-46AE-8E2D-B4614EC53D5A}.Debug|Any CPU.ActiveCfg = Debug|Any CPU
		{0D7EF17B-3E82-46AE-8E2D-B4614EC53D5A}.Debug|Any CPU.Build.0 = Debug|Any CPU
		{0D7EF17B-3E82-46AE-8E2D-B4614EC53D5A}.Release|Any CPU.ActiveCfg = Release|Any CPU
		{0D7EF17B-3E82-46AE-8E2D-B4614EC53D5A}.Release|Any CPU.Build.0 = Release|Any CPU
		{63D98F0C-26CA-467D-A365-B813A97B3CA7}.Debug|Any CPU.ActiveCfg = Debug|Any CPU
		{63D98F0C-26CA-467D-A365-B813A97B3CA7}.Debug|Any CPU.Build.0 = Debug|Any CPU
		{63D98F0C-26CA-467D-A365-B813A97B3CA7}.Release|Any CPU.ActiveCfg = Release|Any CPU
		{63D98F0C-26CA-467D-A365-B813A97B3CA7}.Release|Any CPU.Build.0 = Release|Any CPU
		{2016995E-D2CA-43DD-BE5F-B6F5B47A7CA8}.Debug|Any CPU.ActiveCfg = Debug|Any CPU
		{2016995E-D2CA-43DD-BE5F-B6F5B47A7CA8}.Debug|Any CPU.Build.0 = Debug|Any CPU
		{2016995E-D2CA-43DD-BE5F-B6F5B47A7CA8}.Release|Any CPU.ActiveCfg = Release|Any CPU
		{2016995E-D2CA-43DD-BE5F-B6F5B47A7CA8}.Release|Any CPU.Build.0 = Release|Any CPU
	EndGlobalSection
	GlobalSection(SolutionProperties) = preSolution
		HideSolutionNode = FALSE
	EndGlobalSection
	GlobalSection(NestedProjects) = preSolution
		{89CC1AC7-4C10-4BF1-9C6E-CCC73C3AADAF} = {7EC17AFC-E63C-4FF0-8F3C-6B0587B52A5F}
		{883DEE88-5631-40D9-9288-90D95531D8D4} = {7EC17AFC-E63C-4FF0-8F3C-6B0587B52A5F}
		{307528DF-2F2A-4A6A-ABDE-81F9C1E19ACB} = {883DEE88-5631-40D9-9288-90D95531D8D4}
		{FE7E36CB-E901-4D2E-875F-EE44192FD200} = {883DEE88-5631-40D9-9288-90D95531D8D4}
		{85015CC0-BB44-4818-8F88-C0DCB3B349E5} = {7EC17AFC-E63C-4FF0-8F3C-6B0587B52A5F}
		{EEB3B925-AB82-4C6A-BF25-66EF86C574E2} = {85015CC0-BB44-4818-8F88-C0DCB3B349E5}
		{ACBAD885-963F-4BFB-ADEA-8B1F79154799} = {85015CC0-BB44-4818-8F88-C0DCB3B349E5}
		{0D7EF17B-3E82-46AE-8E2D-B4614EC53D5A} = {85015CC0-BB44-4818-8F88-C0DCB3B349E5}
		{63D98F0C-26CA-467D-A365-B813A97B3CA7} = {85015CC0-BB44-4818-8F88-C0DCB3B349E5}
		{2016995E-D2CA-43DD-BE5F-B6F5B47A7CA8} = {89CC1AC7-4C10-4BF1-9C6E-CCC73C3AADAF}
	EndGlobalSection
	GlobalSection(ExtensibilityGlobals) = postSolution
		SolutionGuid = {0403E14C-6F49-421A-BFC3-7E05DD147D37}
	EndGlobalSection
EndGlobal
